
Microsoft Visual Studio Solution File, Format Version 12.00
# Visual Studio Version 16
VisualStudioVersion = 16.0.29424.173
MinimumVisualStudioVersion = 10.0.40219.1
Project("{FAE04EC0-301F-11D3-BF4B-00C04F79EFBC}") = "RockPaperScissors", "RockPaperScissors\RockPaperScissors.csproj", "{F71BFDC7-D534-497F-B352-AEF9BDD17FE9}"
EndProject
Global
	GlobalSection(SolutionConfigurationPlatforms) = preSolution
		Debug|Any CPU = Debug|Any CPU
		Release|Any CPU = Release|Any CPU
	EndGlobalSection
	GlobalSection(ProjectConfigurationPlatforms) = postSolution
		{F71BFDC7-D534-497F-B352-AEF9BDD17FE9}.Debug|Any CPU.ActiveCfg = Debug|Any CPU
		{F71BFDC7-D534-497F-B352-AEF9BDD17FE9}.Debug|Any CPU.Build.0 = Debug|Any CPU
		{F71BFDC7-D534-497F-B352-AEF9BDD17FE9}.Release|Any CPU.ActiveCfg = Release|Any CPU
		{F71BFDC7-D534-497F-B352-AEF9BDD17FE9}.Release|Any CPU.Build.0 = Release|Any CPU
	EndGlobalSection
	GlobalSection(SolutionProperties) = preSolution
		HideSolutionNode = FALSE
	EndGlobalSection
	GlobalSection(ExtensibilityGlobals) = postSolution
		SolutionGuid = {4D36974F-ADBE-4D13-8546-636CE3F075A2}
	EndGlobalSection
EndGlobal
